// !$*UTF8*$!
{
	archiveVersion = 1;
	classes = {
	};
	objectVersion = 77;
	objects = {

/* Begin PBXBuildFile section */
		956F1BB42D7EE09E0060F390 /* Lottie in Frameworks */ = {isa = PBXBuildFile; productRef = 956F1BB32D7EE09E0060F390 /* Lottie */; };
		95F4F2DF2D7E013B003BB61B /* LanScanner in Frameworks */ = {isa = PBXBuildFile; productRef = 95F4F2DE2D7E013B003BB61B /* LanScanner */; };
/* End PBXBuildFile section */

/* Begin PBXContainerItemProxy section */
		955A69522D7D019C000F08DD /* PBXContainerItemProxy */ = {
			isa = PBXContainerItemProxy;
			containerPortal = 955A69392D7D019B000F08DD /* Project object */;
			proxyType = 1;
			remoteGlobalIDString = 955A69402D7D019B000F08DD;
			remoteInfo = aezakmiTask;
		};
		955A695C2D7D019C000F08DD /* PBXContainerItemProxy */ = {
			isa = PBXContainerItemProxy;
			containerPortal = 955A69392D7D019B000F08DD /* Project object */;
			proxyType = 1;
			remoteGlobalIDString = 955A69402D7D019B000F08DD;
			remoteInfo = aezakmiTask;
		};
/* End PBXContainerItemProxy section */

/* Begin PBXFileReference section */
		955A69412D7D019B000F08DD /* aezakmiTask.app */ = {isa = PBXFileReference; explicitFileType = wrapper.application; includeInIndex = 0; path = aezakmiTask.app; sourceTree = BUILT_PRODUCTS_DIR; };
		955A69512D7D019C000F08DD /* aezakmiTaskTests.xctest */ = {isa = PBXFileReference; explicitFileType = wrapper.cfbundle; includeInIndex = 0; path = aezakmiTaskTests.xctest; sourceTree = BUILT_PRODUCTS_DIR; };
		955A695B2D7D019C000F08DD /* aezakmiTaskUITests.xctest */ = {isa = PBXFileReference; explicitFileType = wrapper.cfbundle; includeInIndex = 0; path = aezakmiTaskUITests.xctest; sourceTree = BUILT_PRODUCTS_DIR; };
/* End PBXFileReference section */

/* Begin PBXFileSystemSynchronizedRootGroup section */
		955A69432D7D019B000F08DD /* aezakmiTask */ = {
			isa = PBXFileSystemSynchronizedRootGroup;
			path = aezakmiTask;
			sourceTree = "<group>";
		};
		955A69542D7D019C000F08DD /* aezakmiTaskTests */ = {
			isa = PBXFileSystemSynchronizedRootGroup;
			path = aezakmiTaskTests;
			sourceTree = "<group>";
		};
		955A695E2D7D019C000F08DD /* aezakmiTaskUITests */ = {
			isa = PBXFileSystemSynchronizedRootGroup;
			path = aezakmiTaskUITests;
			sourceTree = "<group>";
		};
/* End PBXFileSystemSynchronizedRootGroup section */

/* Begin PBXFrameworksBuildPhase section */
		955A693E2D7D019B000F08DD /* Frameworks */ = {
			isa = PBXFrameworksBuildPhase;
			buildActionMask = 2147483647;
			files = (
				95F4F2DF2D7E013B003BB61B /* LanScanner in Frameworks */,
				956F1BB42D7EE09E0060F390 /* Lottie in Frameworks */,
			);
			runOnlyForDeploymentPostprocessing = 0;
		};
		955A694E2D7D019C000F08DD /* Frameworks */ = {
			isa = PBXFrameworksBuildPhase;
			buildActionMask = 2147483647;
			files = (
			);
			runOnlyForDeploymentPostprocessing = 0;
		};
		955A69582D7D019C000F08DD /* Frameworks */ = {
			isa = PBXFrameworksBuildPhase;
			buildActionMask = 2147483647;
			files = (
			);
			runOnlyForDeploymentPostprocessing = 0;
		};
/* End PBXFrameworksBuildPhase section */

/* Begin PBXGroup section */
		955A69382D7D019B000F08DD = {
			isa = PBXGroup;
			children = (
				955A69432D7D019B000F08DD /* aezakmiTask */,
				955A69542D7D019C000F08DD /* aezakmiTaskTests */,
				955A695E2D7D019C000F08DD /* aezakmiTaskUITests */,
				955A69422D7D019B000F08DD /* Products */,
			);
			sourceTree = "<group>";
		};
		955A69422D7D019B000F08DD /* Products */ = {
			isa = PBXGroup;
			children = (
				955A69412D7D019B000F08DD /* aezakmiTask.app */,
				955A69512D7D019C000F08DD /* aezakmiTaskTests.xctest */,
				955A695B2D7D019C000F08DD /* aezakmiTaskUITests.xctest */,
			);
			name = Products;
			sourceTree = "<group>";
		};
/* End PBXGroup section */

/* Begin PBXNativeTarget section */
		955A69402D7D019B000F08DD /* aezakmiTask */ = {
			isa = PBXNativeTarget;
			buildConfigurationList = 955A69652D7D019C000F08DD /* Build configuration list for PBXNativeTarget "aezakmiTask" */;
			buildPhases = (
				955A693D2D7D019B000F08DD /* Sources */,
				955A693E2D7D019B000F08DD /* Frameworks */,
				955A693F2D7D019B000F08DD /* Resources */,
			);
			buildRules = (
			);
			dependencies = (
			);
			fileSystemSynchronizedGroups = (
				955A69432D7D019B000F08DD /* aezakmiTask */,
			);
			name = aezakmiTask;
			packageProductDependencies = (
				95F4F2DE2D7E013B003BB61B /* LanScanner */,
				956F1BB32D7EE09E0060F390 /* Lottie */,
			);
			productName = aezakmiTask;
			productReference = 955A69412D7D019B000F08DD /* aezakmiTask.app */;
			productType = "com.apple.product-type.application";
		};
		955A69502D7D019C000F08DD /* aezakmiTaskTests */ = {
			isa = PBXNativeTarget;
			buildConfigurationList = 955A69682D7D019C000F08DD /* Build configuration list for PBXNativeTarget "aezakmiTaskTests" */;
			buildPhases = (
				955A694D2D7D019C000F08DD /* Sources */,
				955A694E2D7D019C000F08DD /* Frameworks */,
				955A694F2D7D019C000F08DD /* Resources */,
			);
			buildRules = (
			);
			dependencies = (
				955A69532D7D019C000F08DD /* PBXTargetDependency */,
			);
			fileSystemSynchronizedGroups = (
				955A69542D7D019C000F08DD /* aezakmiTaskTests */,
			);
			name = aezakmiTaskTests;
			packageProductDependencies = (
			);
			productName = aezakmiTaskTests;
			productReference = 955A69512D7D019C000F08DD /* aezakmiTaskTests.xctest */;
			productType = "com.apple.product-type.bundle.unit-test";
		};
		955A695A2D7D019C000F08DD /* aezakmiTaskUITests */ = {
			isa = PBXNativeTarget;
			buildConfigurationList = 955A696B2D7D019C000F08DD /* Build configuration list for PBXNativeTarget "aezakmiTaskUITests" */;
			buildPhases = (
				955A69572D7D019C000F08DD /* Sources */,
				955A69582D7D019C000F08DD /* Frameworks */,
				955A69592D7D019C000F08DD /* Resources */,
			);
			buildRules = (
			);
			dependencies = (
				955A695D2D7D019C000F08DD /* PBXTargetDependency */,
			);
			fileSystemSynchronizedGroups = (
				955A695E2D7D019C000F08DD /* aezakmiTaskUITests */,
			);
			name = aezakmiTaskUITests;
			packageProductDependencies = (
			);
			productName = aezakmiTaskUITests;
			productReference = 955A695B2D7D019C000F08DD /* aezakmiTaskUITests.xctest */;
			productType = "com.apple.product-type.bundle.ui-testing";
		};
/* End PBXNativeTarget section */

/* Begin PBXProject section */
		955A69392D7D019B000F08DD /* Project object */ = {
			isa = PBXProject;
			attributes = {
				BuildIndependentTargetsInParallel = 1;
				LastSwiftUpdateCheck = 1620;
				LastUpgradeCheck = 1620;
				TargetAttributes = {
					955A69402D7D019B000F08DD = {
						CreatedOnToolsVersion = 16.2;
					};
					955A69502D7D019C000F08DD = {
						CreatedOnToolsVersion = 16.2;
						TestTargetID = 955A69402D7D019B000F08DD;
					};
					955A695A2D7D019C000F08DD = {
						CreatedOnToolsVersion = 16.2;
						TestTargetID = 955A69402D7D019B000F08DD;
					};
				};
			};
			buildConfigurationList = 955A693C2D7D019B000F08DD /* Build configuration list for PBXProject "aezakmiTask" */;
			developmentRegion = en;
			hasScannedForEncodings = 0;
			knownRegions = (
				en,
				Base,
			);
			mainGroup = 955A69382D7D019B000F08DD;
			minimizedProjectReferenceProxies = 1;
			packageReferences = (
				95F4F2DD2D7E013B003BB61B /* XCRemoteSwiftPackageReference "lan-scanner" */,
				956F1BB22D7EE09E0060F390 /* XCRemoteSwiftPackageReference "lottie-ios" */,
			);
			preferredProjectObjectVersion = 77;
			productRefGroup = 955A69422D7D019B000F08DD /* Products */;
			projectDirPath = "";
			projectRoot = "";
			targets = (
				955A69402D7D019B000F08DD /* aezakmiTask */,
				955A69502D7D019C000F08DD /* aezakmiTaskTests */,
				955A695A2D7D019C000F08DD /* aezakmiTaskUITests */,
			);
		};
/* End PBXProject section */

/* Begin PBXResourcesBuildPhase section */
		955A693F2D7D019B000F08DD /* Resources */ = {
			isa = PBXResourcesBuildPhase;
			buildActionMask = 2147483647;
			files = (
			);
			runOnlyForDeploymentPostprocessing = 0;
		};
		955A694F2D7D019C000F08DD /* Resources */ = {
			isa = PBXResourcesBuildPhase;
			buildActionMask = 2147483647;
			files = (
			);
			runOnlyForDeploymentPostprocessing = 0;
		};
		955A69592D7D019C000F08DD /* Resources */ = {
			isa = PBXResourcesBuildPhase;
			buildActionMask = 2147483647;
			files = (
			);
			runOnlyForDeploymentPostprocessing = 0;
		};
/* End PBXResourcesBuildPhase section */

/* Begin PBXSourcesBuildPhase section */
		955A693D2D7D019B000F08DD /* Sources */ = {
			isa = PBXSourcesBuildPhase;
			buildActionMask = 2147483647;
			files = (
			);
			runOnlyForDeploymentPostprocessing = 0;
		};
		955A694D2D7D019C000F08DD /* Sources */ = {
			isa = PBXSourcesBuildPhase;
			buildActionMask = 2147483647;
			files = (
			);
			runOnlyForDeploymentPostprocessing = 0;
		};
		955A69572D7D019C000F08DD /* Sources */ = {
			isa = PBXSourcesBuildPhase;
			buildActionMask = 2147483647;
			files = (
			);
			runOnlyForDeploymentPostprocessing = 0;
		};
/* End PBXSourcesBuildPhase section */

/* Begin PBXTargetDependency section */
		955A69532D7D019C000F08DD /* PBXTargetDependency */ = {
			isa = PBXTargetDependency;
			target = 955A69402D7D019B000F08DD /* aezakmiTask */;
			targetProxy = 955A69522D7D019C000F08DD /* PBXContainerItemProxy */;
		};
		955A695D2D7D019C000F08DD /* PBXTargetDependency */ = {
			isa = PBXTargetDependency;
			target = 955A69402D7D019B000F08DD /* aezakmiTask */;
			targetProxy = 955A695C2D7D019C000F08DD /* PBXContainerItemProxy */;
		};
/* End PBXTargetDependency section */

/* Begin XCBuildConfiguration section */
		955A69632D7D019C000F08DD /* Debug */ = {
			isa = XCBuildConfiguration;
			buildSettings = {
				ALWAYS_SEARCH_USER_PATHS = NO;
				ASSETCATALOG_COMPILER_GENERATE_SWIFT_ASSET_SYMBOL_EXTENSIONS = YES;
				CLANG_ANALYZER_NONNULL = YES;
				CLANG_ANALYZER_NUMBER_OBJECT_CONVERSION = YES_AGGRESSIVE;
				CLANG_CXX_LANGUAGE_STANDARD = "gnu++20";
				CLANG_ENABLE_MODULES = YES;
				CLANG_ENABLE_OBJC_ARC = YES;
				CLANG_ENABLE_OBJC_WEAK = YES;
				CLANG_WARN_BLOCK_CAPTURE_AUTORELEASING = YES;
				CLANG_WARN_BOOL_CONVERSION = YES;
				CLANG_WARN_COMMA = YES;
				CLANG_WARN_CONSTANT_CONVERSION = YES;
				CLANG_WARN_DEPRECATED_OBJC_IMPLEMENTATIONS = YES;
				CLANG_WARN_DIRECT_OBJC_ISA_USAGE = YES_ERROR;
				CLANG_WARN_DOCUMENTATION_COMMENTS = YES;
				CLANG_WARN_EMPTY_BODY = YES;
				CLANG_WARN_ENUM_CONVERSION = YES;
				CLANG_WARN_INFINITE_RECURSION = YES;
				CLANG_WARN_INT_CONVERSION = YES;
				CLANG_WARN_NON_LITERAL_NULL_CONVERSION = YES;
				CLANG_WARN_OBJC_IMPLICIT_RETAIN_SELF = YES;
				CLANG_WARN_OBJC_LITERAL_CONVERSION = YES;
				CLANG_WARN_OBJC_ROOT_CLASS = YES_ERROR;
				CLANG_WARN_QUOTED_INCLUDE_IN_FRAMEWORK_HEADER = YES;
				CLANG_WARN_RANGE_LOOP_ANALYSIS = YES;
				CLANG_WARN_STRICT_PROTOTYPES = YES;
				CLANG_WARN_SUSPICIOUS_MOVE = YES;
				CLANG_WARN_UNGUARDED_AVAILABILITY = YES_AGGRESSIVE;
				CLANG_WARN_UNREACHABLE_CODE = YES;
				CLANG_WARN__DUPLICATE_METHOD_MATCH = YES;
				COPY_PHASE_STRIP = NO;
				DEBUG_INFORMATION_FORMAT = dwarf;
				ENABLE_STRICT_OBJC_MSGSEND = YES;
				ENABLE_TESTABILITY = YES;
				ENABLE_USER_SCRIPT_SANDBOXING = YES;
				GCC_C_LANGUAGE_STANDARD = gnu17;
				GCC_DYNAMIC_NO_PIC = NO;
				GCC_NO_COMMON_BLOCKS = YES;
				GCC_OPTIMIZATION_LEVEL = 0;
				GCC_PREPROCESSOR_DEFINITIONS = (
					"DEBUG=1",
					"$(inherited)",
				);
				GCC_WARN_64_TO_32_BIT_CONVERSION = YES;
				GCC_WARN_ABOUT_RETURN_TYPE = YES_ERROR;
				GCC_WARN_UNDECLARED_SELECTOR = YES;
				GCC_WARN_UNINITIALIZED_AUTOS = YES_AGGRESSIVE;
				GCC_WARN_UNUSED_FUNCTION = YES;
				GCC_WARN_UNUSED_VARIABLE = YES;
				IPHONEOS_DEPLOYMENT_TARGET = 18.2;
				LOCALIZATION_PREFERS_STRING_CATALOGS = YES;
				MTL_ENABLE_DEBUG_INFO = INCLUDE_SOURCE;
				MTL_FAST_MATH = YES;
				ONLY_ACTIVE_ARCH = YES;
				SDKROOT = iphoneos;
				SWIFT_ACTIVE_COMPILATION_CONDITIONS = "DEBUG $(inherited)";
				SWIFT_OPTIMIZATION_LEVEL = "-Onone";
			};
			name = Debug;
		};
		955A69642D7D019C000F08DD /* Release */ = {
			isa = XCBuildConfiguration;
			buildSettings = {
				ALWAYS_SEARCH_USER_PATHS = NO;
				ASSETCATALOG_COMPILER_GENERATE_SWIFT_ASSET_SYMBOL_EXTENSIONS = YES;
				CLANG_ANALYZER_NONNULL = YES;
				CLANG_ANALYZER_NUMBER_OBJECT_CONVERSION = YES_AGGRESSIVE;
				CLANG_CXX_LANGUAGE_STANDARD = "gnu++20";
				CLANG_ENABLE_MODULES = YES;
				CLANG_ENABLE_OBJC_ARC = YES;
				CLANG_ENABLE_OBJC_WEAK = YES;
				CLANG_WARN_BLOCK_CAPTURE_AUTORELEASING = YES;
				CLANG_WARN_BOOL_CONVERSION = YES;
				CLANG_WARN_COMMA = YES;
				CLANG_WARN_CONSTANT_CONVERSION = YES;
				CLANG_WARN_DEPRECATED_OBJC_IMPLEMENTATIONS = YES;
				CLANG_WARN_DIRECT_OBJC_ISA_USAGE = YES_ERROR;
				CLANG_WARN_DOCUMENTATION_COMMENTS = YES;
				CLANG_WARN_EMPTY_BODY = YES;
				CLANG_WARN_ENUM_CONVERSION = YES;
				CLANG_WARN_INFINITE_RECURSION = YES;
				CLANG_WARN_INT_CONVERSION = YES;
				CLANG_WARN_NON_LITERAL_NULL_CONVERSION = YES;
				CLANG_WARN_OBJC_IMPLICIT_RETAIN_SELF = YES;
				CLANG_WARN_OBJC_LITERAL_CONVERSION = YES;
				CLANG_WARN_OBJC_ROOT_CLASS = YES_ERROR;
				CLANG_WARN_QUOTED_INCLUDE_IN_FRAMEWORK_HEADER = YES;
				CLANG_WARN_RANGE_LOOP_ANALYSIS = YES;
				CLANG_WARN_STRICT_PROTOTYPES = YES;
				CLANG_WARN_SUSPICIOUS_MOVE = YES;
				CLANG_WARN_UNGUARDED_AVAILABILITY = YES_AGGRESSIVE;
				CLANG_WARN_UNREACHABLE_CODE = YES;
				CLANG_WARN__DUPLICATE_METHOD_MATCH = YES;
				COPY_PHASE_STRIP = NO;
				DEBUG_INFORMATION_FORMAT = "dwarf-with-dsym";
				ENABLE_NS_ASSERTIONS = NO;
				ENABLE_STRICT_OBJC_MSGSEND = YES;
				ENABLE_USER_SCRIPT_SANDBOXING = YES;
				GCC_C_LANGUAGE_STANDARD = gnu17;
				GCC_NO_COMMON_BLOCKS = YES;
				GCC_WARN_64_TO_32_BIT_CONVERSION = YES;
				GCC_WARN_ABOUT_RETURN_TYPE = YES_ERROR;
				GCC_WARN_UNDECLARED_SELECTOR = YES;
				GCC_WARN_UNINITIALIZED_AUTOS = YES_AGGRESSIVE;
				GCC_WARN_UNUSED_FUNCTION = YES;
				GCC_WARN_UNUSED_VARIABLE = YES;
				IPHONEOS_DEPLOYMENT_TARGET = 18.2;
				LOCALIZATION_PREFERS_STRING_CATALOGS = YES;
				MTL_ENABLE_DEBUG_INFO = NO;
				MTL_FAST_MATH = YES;
				SDKROOT = iphoneos;
				SWIFT_COMPILATION_MODE = wholemodule;
				VALIDATE_PRODUCT = YES;
			};
			name = Release;
		};
		955A69662D7D019C000F08DD /* Debug */ = {
			isa = XCBuildConfiguration;
			buildSettings = {
				ASSETCATALOG_COMPILER_APPICON_NAME = AppIcon;
				ASSETCATALOG_COMPILER_GLOBAL_ACCENT_COLOR_NAME = AccentColor;
				CODE_SIGN_IDENTITY = "Apple Development";
				CODE_SIGN_STYLE = Automatic;
				CURRENT_PROJECT_VERSION = 1;
				DEVELOPMENT_ASSET_PATHS = "\"aezakmiTask/Preview Content\"";
				DEVELOPMENT_TEAM = A53M44W6F6;
				ENABLE_PREVIEWS = YES;
				GENERATE_INFOPLIST_FILE = YES;
				INFOPLIST_KEY_NSBluetoothAlwaysUsageDescription = "Это приложение использует Bluetooth для поиска и подключения к устройствам.";
				INFOPLIST_KEY_UIApplicationSceneManifest_Generation = YES;
				INFOPLIST_KEY_UIApplicationSupportsIndirectInputEvents = YES;
				INFOPLIST_KEY_UILaunchScreen_Generation = YES;
				INFOPLIST_KEY_UISupportedInterfaceOrientations_iPad = "UIInterfaceOrientationPortrait UIInterfaceOrientationPortraitUpsideDown UIInterfaceOrientationLandscapeLeft UIInterfaceOrientationLandscapeRight";
				INFOPLIST_KEY_UISupportedInterfaceOrientations_iPhone = "UIInterfaceOrientationPortrait UIInterfaceOrientationLandscapeLeft UIInterfaceOrientationLandscapeRight";
				LD_RUNPATH_SEARCH_PATHS = (
					"$(inherited)",
					"@executable_path/Frameworks",
				);
				MARKETING_VERSION = 1.0;
				PRODUCT_BUNDLE_IDENTIFIER = com.aezakmiTask;
				PRODUCT_NAME = "$(TARGET_NAME)";
				PROVISIONING_PROFILE_SPECIFIER = "";
				SWIFT_EMIT_LOC_STRINGS = YES;
				SWIFT_VERSION = 5.0;
				TARGETED_DEVICE_FAMILY = "1,2";
			};
			name = Debug;
		};
		955A69672D7D019C000F08DD /* Release */ = {
			isa = XCBuildConfiguration;
			buildSettings = {
				ASSETCATALOG_COMPILER_APPICON_NAME = AppIcon;
				ASSETCATALOG_COMPILER_GLOBAL_ACCENT_COLOR_NAME = AccentColor;
				CODE_SIGN_IDENTITY = "Apple Development";
				CODE_SIGN_STYLE = Automatic;
				CURRENT_PROJECT_VERSION = 1;
				DEVELOPMENT_ASSET_PATHS = "\"aezakmiTask/Preview Content\"";
				DEVELOPMENT_TEAM = A53M44W6F6;
				ENABLE_PREVIEWS = YES;
				GENERATE_INFOPLIST_FILE = YES;
				INFOPLIST_KEY_NSBluetoothAlwaysUsageDescription = "Это приложение использует Bluetooth для поиска и подключения к устройствам.";
				INFOPLIST_KEY_UIApplicationSceneManifest_Generation = YES;
				INFOPLIST_KEY_UIApplicationSupportsIndirectInputEvents = YES;
				INFOPLIST_KEY_UILaunchScreen_Generation = YES;
				INFOPLIST_KEY_UISupportedInterfaceOrientations_iPad = "UIInterfaceOrientationPortrait UIInterfaceOrientationPortraitUpsideDown UIInterfaceOrientationLandscapeLeft UIInterfaceOrientationLandscapeRight";
				INFOPLIST_KEY_UISupportedInterfaceOrientations_iPhone = "UIInterfaceOrientationPortrait UIInterfaceOrientationLandscapeLeft UIInterfaceOrientationLandscapeRight";
				LD_RUNPATH_SEARCH_PATHS = (
					"$(inherited)",
					"@executable_path/Frameworks",
				);
				MARKETING_VERSION = 1.0;
				PRODUCT_BUNDLE_IDENTIFIER = com.aezakmiTask;
				PRODUCT_NAME = "$(TARGET_NAME)";
				PROVISIONING_PROFILE_SPECIFIER = "";
				SWIFT_EMIT_LOC_STRINGS = YES;
				SWIFT_VERSION = 5.0;
				TARGETED_DEVICE_FAMILY = "1,2";
			};
			name = Release;
		};
		955A69692D7D019C000F08DD /* Debug */ = {
			isa = XCBuildConfiguration;
			buildSettings = {
				BUNDLE_LOADER = "$(TEST_HOST)";
				CODE_SIGN_STYLE = Automatic;
				CURRENT_PROJECT_VERSION = 1;
				GENERATE_INFOPLIST_FILE = YES;
				IPHONEOS_DEPLOYMENT_TARGET = 18.2;
				MARKETING_VERSION = 1.0;
				PRODUCT_BUNDLE_IDENTIFIER = com.aezakmiTaskTests;
				PRODUCT_NAME = "$(TARGET_NAME)";
				SWIFT_EMIT_LOC_STRINGS = NO;
				SWIFT_VERSION = 5.0;
				TARGETED_DEVICE_FAMILY = "1,2";
				TEST_HOST = "$(BUILT_PRODUCTS_DIR)/aezakmiTask.app/$(BUNDLE_EXECUTABLE_FOLDER_PATH)/aezakmiTask";
			};
			name = Debug;
		};
		955A696A2D7D019C000F08DD /* Release */ = {
			isa = XCBuildConfiguration;
			buildSettings = {
				BUNDLE_LOADER = "$(TEST_HOST)";
				CODE_SIGN_STYLE = Automatic;
				CURRENT_PROJECT_VERSION = 1;
				GENERATE_INFOPLIST_FILE = YES;
				IPHONEOS_DEPLOYMENT_TARGET = 18.2;
				MARKETING_VERSION = 1.0;
				PRODUCT_BUNDLE_IDENTIFIER = com.aezakmiTaskTests;
				PRODUCT_NAME = "$(TARGET_NAME)";
				SWIFT_EMIT_LOC_STRINGS = NO;
				SWIFT_VERSION = 5.0;
				TARGETED_DEVICE_FAMILY = "1,2";
				TEST_HOST = "$(BUILT_PRODUCTS_DIR)/aezakmiTask.app/$(BUNDLE_EXECUTABLE_FOLDER_PATH)/aezakmiTask";
			};
			name = Release;
		};
		955A696C2D7D019C000F08DD /* Debug */ = {
			isa = XCBuildConfiguration;
			buildSettings = {
				CODE_SIGN_STYLE = Automatic;
				CURRENT_PROJECT_VERSION = 1;
				GENERATE_INFOPLIST_FILE = YES;
				MARKETING_VERSION = 1.0;
				PRODUCT_BUNDLE_IDENTIFIER = com.aezakmiTaskUITests;
				PRODUCT_NAME = "$(TARGET_NAME)";
				SWIFT_EMIT_LOC_STRINGS = NO;
				SWIFT_VERSION = 5.0;
				TARGETED_DEVICE_FAMILY = "1,2";
				TEST_TARGET_NAME = aezakmiTask;
			};
			name = Debug;
		};
		955A696D2D7D019C000F08DD /* Release */ = {
			isa = XCBuildConfiguration;
			buildSettings = {
				CODE_SIGN_STYLE = Automatic;
				CURRENT_PROJECT_VERSION = 1;
				GENERATE_INFOPLIST_FILE = YES;
				MARKETING_VERSION = 1.0;
				PRODUCT_BUNDLE_IDENTIFIER = com.aezakmiTaskUITests;
				PRODUCT_NAME = "$(TARGET_NAME)";
				SWIFT_EMIT_LOC_STRINGS = NO;
				SWIFT_VERSION = 5.0;
				TARGETED_DEVICE_FAMILY = "1,2";
				TEST_TARGET_NAME = aezakmiTask;
			};
			name = Release;
		};
/* End XCBuildConfiguration section */

/* Begin XCConfigurationList section */
		955A693C2D7D019B000F08DD /* Build configuration list for PBXProject "aezakmiTask" */ = {
			isa = XCConfigurationList;
			buildConfigurations = (
				955A69632D7D019C000F08DD /* Debug */,
				955A69642D7D019C000F08DD /* Release */,
			);
			defaultConfigurationIsVisible = 0;
			defaultConfigurationName = Release;
		};
		955A69652D7D019C000F08DD /* Build configuration list for PBXNativeTarget "aezakmiTask" */ = {
			isa = XCConfigurationList;
			buildConfigurations = (
				955A69662D7D019C000F08DD /* Debug */,
				955A69672D7D019C000F08DD /* Release */,
			);
			defaultConfigurationIsVisible = 0;
			defaultConfigurationName = Release;
		};
		955A69682D7D019C000F08DD /* Build configuration list for PBXNativeTarget "aezakmiTaskTests" */ = {
			isa = XCConfigurationList;
			buildConfigurations = (
				955A69692D7D019C000F08DD /* Debug */,
				955A696A2D7D019C000F08DD /* Release */,
			);
			defaultConfigurationIsVisible = 0;
			defaultConfigurationName = Release;
		};
		955A696B2D7D019C000F08DD /* Build configuration list for PBXNativeTarget "aezakmiTaskUITests" */ = {
			isa = XCConfigurationList;
			buildConfigurations = (
				955A696C2D7D019C000F08DD /* Debug */,
				955A696D2D7D019C000F08DD /* Release */,
			);
			defaultConfigurationIsVisible = 0;
			defaultConfigurationName = Release;
		};
/* End XCConfigurationList section */

/* Begin XCRemoteSwiftPackageReference section */
		956F1BB22D7EE09E0060F390 /* XCRemoteSwiftPackageReference "lottie-ios" */ = {
			isa = XCRemoteSwiftPackageReference;
			repositoryURL = "https://github.com/airbnb/lottie-ios.git";
			requirement = {
				kind = upToNextMajorVersion;
				minimumVersion = 4.5.1;
			};
		};
		95F4F2DD2D7E013B003BB61B /* XCRemoteSwiftPackageReference "lan-scanner" */ = {
			isa = XCRemoteSwiftPackageReference;
			repositoryURL = "https://github.com/MaatheusGois/lan-scanner.git";
			requirement = {
				branch = develop;
				kind = branch;
			};
		};
/* End XCRemoteSwiftPackageReference section */

/* Begin XCSwiftPackageProductDependency section */
		956F1BB32D7EE09E0060F390 /* Lottie */ = {
			isa = XCSwiftPackageProductDependency;
			package = 956F1BB22D7EE09E0060F390 /* XCRemoteSwiftPackageReference "lottie-ios" */;
			productName = Lottie;
		};
		95F4F2DE2D7E013B003BB61B /* LanScanner */ = {
			isa = XCSwiftPackageProductDependency;
			package = 95F4F2DD2D7E013B003BB61B /* XCRemoteSwiftPackageReference "lan-scanner" */;
			productName = LanScanner;
		};
/* End XCSwiftPackageProductDependency section */
	};
	rootObject = 955A69392D7D019B000F08DD /* Project object */;
}
